
Microsoft Visual Studio Solution File, Format Version 12.00
# Visual Studio Version 17
VisualStudioVersion = 17.9.34622.214
MinimumVisualStudioVersion = 10.0.40219.1
Project("{FAE04EC0-301F-11D3-BF4B-00C04F79EFBC}") = "Expense_Tracker", "Expense_Tracker\Expense_Tracker.csproj", "{6C06B96B-CDD3-489B-9065-08DE385D5DBA}"
EndProject
Global
	GlobalSection(SolutionConfigurationPlatforms) = preSolution
		Debug|Any CPU = Debug|Any CPU
		Release|Any CPU = Release|Any CPU
	EndGlobalSection
	GlobalSection(ProjectConfigurationPlatforms) = postSolution
		{6C06B96B-CDD3-489B-9065-08DE385D5DBA}.Debug|Any CPU.ActiveCfg = Debug|Any CPU
		{6C06B96B-CDD3-489B-9065-08DE385D5DBA}.Debug|Any CPU.Build.0 = Debug|Any CPU
		{6C06B96B-CDD3-489B-9065-08DE385D5DBA}.Debug|Any CPU.Deploy.0 = Debug|Any CPU
		{6C06B96B-CDD3-489B-9065-08DE385D5DBA}.Release|Any CPU.ActiveCfg = Release|Any CPU
		{6C06B96B-CDD3-489B-9065-08DE385D5DBA}.Release|Any CPU.Build.0 = Release|Any CPU
		{6C06B96B-CDD3-489B-9065-08DE385D5DBA}.Release|Any CPU.Deploy.0 = Release|Any CPU
	EndGlobalSection
	GlobalSection(SolutionProperties) = preSolution
		HideSolutionNode = FALSE
	EndGlobalSection
	GlobalSection(ExtensibilityGlobals) = postSolution
		SolutionGuid = {5DA63E83-1BCD-4990-8E59-AB03DE0B0773}
	EndGlobalSection
EndGlobal
